
Microsoft Visual Studio Solution File, Format Version 12.00
# Visual Studio 15
VisualStudioVersion = 15.0.28307.705
MinimumVisualStudioVersion = 10.0.40219.1
Project("{6989167D-11E4-40FE-8C1A-2192A86A7E90}") = "MF_NWT", "MF_NWT\MF_NWT.vfproj", "{A9905729-FEA4-4DE4-BBC2-89E189FAEBED}"
EndProject
Global
	GlobalSection(SolutionConfigurationPlatforms) = preSolution
		Debug|Win32 = Debug|Win32
		Debug|x64 = Debug|x64
		Release|Win32 = Release|Win32
		Release|x64 = Release|x64
	EndGlobalSection
	GlobalSection(ProjectConfigurationPlatforms) = postSolution
		{A9905729-FEA4-4DE4-BBC2-89E189FAEBED}.Debug|Win32.ActiveCfg = Debug|x64
		{A9905729-FEA4-4DE4-BBC2-89E189FAEBED}.Debug|Win32.Build.0 = Debug|x64
		{A9905729-FEA4-4DE4-BBC2-89E189FAEBED}.Debug|x64.ActiveCfg = Debug|x64
		{A9905729-FEA4-4DE4-BBC2-89E189FAEBED}.Debug|x64.Build.0 = Debug|x64
		{A9905729-FEA4-4DE4-BBC2-89E189FAEBED}.Release|Win32.ActiveCfg = Release|Win32
		{A9905729-FEA4-4DE4-BBC2-89E189FAEBED}.Release|Win32.Build.0 = Release|Win32
		{A9905729-FEA4-4DE4-BBC2-89E189FAEBED}.Release|x64.ActiveCfg = Release|x64
		{A9905729-FEA4-4DE4-BBC2-89E189FAEBED}.Release|x64.Build.0 = Release|x64
	EndGlobalSection
	GlobalSection(SolutionProperties) = preSolution
		HideSolutionNode = FALSE
	EndGlobalSection
	GlobalSection(ExtensibilityGlobals) = postSolution
		SolutionGuid = {695444BD-576E-471F-86BA-CF1A0EB94D67}
	EndGlobalSection
EndGlobal
